Microsoft Visual Studio Solution File, Format Version 12.00
# Visual Studio 2012
Project("{8BC9CEB8-8B4A-11D0-8D11-00A0C91BC942}") = "game", "game.vcxproj", "{49BEC5C6-B964-417A-851E-808886B57430}"
	ProjectSection(ProjectDependencies) = postProject
		{49BEC5C6-B964-417A-851E-808886B57400} = {49BEC5C6-B964-417A-851E-808886B57400}
	EndProjectSection
EndProject
Project("{8BC9CEB8-8B4A-11D0-8D11-00A0C91BC942}") = "idLib", "idlib.vcxproj", "{49BEC5C6-B964-417A-851E-808886B57400}"
EndProject
Project("{8BC9CEB8-8B4A-11D0-8D11-00A0C91BC942}") = "MPGame", "mpgame.vcxproj", "{F2EF9123-B7C3-4F2F-A351-747B595BB534}"
	ProjectSection(ProjectDependencies) = postProject
		{49BEC5C6-B964-417A-851E-808886B57400} = {49BEC5C6-B964-417A-851E-808886B57400}
	EndProjectSection
EndProject
Project("{2150E333-8FDC-42A3-9474-1A3956D46DE8}") = "Solution Items", "Solution Items", "{1A5FA184-FBF0-49E4-9D3A-A8480D83F4DB}"
	ProjectSection(SolutionItems) = preProject
		def\ammo.def = def\ammo.def
		def\weapons\blaster.def = def\weapons\blaster.def
		def\bodies_and_parts.def = def\bodies_and_parts.def
		def\damage.def = def\damage.def
		def\weapons\dmg.def = def\weapons\dmg.def
		def\exploding.def = def\exploding.def
		def\weapons\gauntlet.def = def\weapons\gauntlet.def
		def\weapons\grenadelauncher.def = def\weapons\grenadelauncher.def
		def\weapons\hyperblaster.def = def\weapons\hyperblaster.def
		def\items.def = def\items.def
		def\weapons\lightninggun.def = def\weapons\lightninggun.def
		def\weapons\machinegun.def = def\weapons\machinegun.def
		def\melee.def = def\melee.def
		def\misc.def = def\misc.def
		def\weapons\nailgun.def = def\weapons\nailgun.def
		def\weapons\napalmgun.def = def\weapons\napalmgun.def
		def\player.def = def\player.def
		def\powerups.def = def\powerups.def
		def\projectiles.def = def\projectiles.def
		def\q4xdamage.def = def\q4xdamage.def
		def\weapons\railgun.def = def\weapons\railgun.def
		def\reactive.def = def\reactive.def
		def\weapons\rocketlauncher.def = def\weapons\rocketlauncher.def
		def\weapons\shotgun.def = def\weapons\shotgun.def
		def\target.def = def\target.def
		def\tools.def = def\tools.def
		def\triggers.def = def\triggers.def
	EndProjectSection
EndProject
Project("{2150E333-8FDC-42A3-9474-1A3956D46DE8}") = "NewFolder1", "NewFolder1", "{8F939AE0-4407-484E-85D8-EA9084624E67}"
EndProject
Global
	GlobalSection(SolutionConfigurationPlatforms) = preSolution
		Debug|Default = Debug|Default
		DebugInline|Default = DebugInline|Default
		Release|Default = Release|Default
	EndGlobalSection
	GlobalSection(ProjectConfigurationPlatforms) = postSolution
		{49BEC5C6-B964-417A-851E-808886B57430}.Debug|Default.ActiveCfg = Debug|Win32
		{49BEC5C6-B964-417A-851E-808886B57430}.Debug|Default.Build.0 = Debug|Win32
		{49BEC5C6-B964-417A-851E-808886B57430}.DebugInline|Default.ActiveCfg = DebugInline|Win32
		{49BEC5C6-B964-417A-851E-808886B57430}.DebugInline|Default.Build.0 = DebugInline|Win32
		{49BEC5C6-B964-417A-851E-808886B57430}.Release|Default.ActiveCfg = Release|Win32
		{49BEC5C6-B964-417A-851E-808886B57430}.Release|Default.Build.0 = Release|Win32
		{49BEC5C6-B964-417A-851E-808886B57400}.Debug|Default.ActiveCfg = Debug|Win32
		{49BEC5C6-B964-417A-851E-808886B57400}.Debug|Default.Build.0 = Debug|Win32
		{49BEC5C6-B964-417A-851E-808886B57400}.DebugInline|Default.ActiveCfg = DebugInline|Win32
		{49BEC5C6-B964-417A-851E-808886B57400}.DebugInline|Default.Build.0 = DebugInline|Win32
		{49BEC5C6-B964-417A-851E-808886B57400}.Release|Default.ActiveCfg = Release|Win32
		{49BEC5C6-B964-417A-851E-808886B57400}.Release|Default.Build.0 = Release|Win32
		{F2EF9123-B7C3-4F2F-A351-747B595BB534}.Debug|Default.ActiveCfg = Debug|Win32
		{F2EF9123-B7C3-4F2F-A351-747B595BB534}.Debug|Default.Build.0 = Debug|Win32
		{F2EF9123-B7C3-4F2F-A351-747B595BB534}.DebugInline|Default.ActiveCfg = DebugInline|Win32
		{F2EF9123-B7C3-4F2F-A351-747B595BB534}.DebugInline|Default.Build.0 = DebugInline|Win32
		{F2EF9123-B7C3-4F2F-A351-747B595BB534}.Release|Default.ActiveCfg = Release|Win32
		{F2EF9123-B7C3-4F2F-A351-747B595BB534}.Release|Default.Build.0 = Release|Win32
	EndGlobalSection
	GlobalSection(SolutionProperties) = preSolution
		HideSolutionNode = FALSE
	EndGlobalSection
	GlobalSection(NestedProjects) = preSolution
		{8F939AE0-4407-484E-85D8-EA9084624E67} = {1A5FA184-FBF0-49E4-9D3A-A8480D83F4DB}
	EndGlobalSection
EndGlobal
